
Microsoft Visual Studio Solution File, Format Version 10.00
# Visual Studio 2008
Project("{FAE04EC0-301F-11D3-BF4B-00C04F79EFBC}") = "CssCombiner.NAntTask", "src\CssCombiner.NAntTask\CssCombiner.NAntTask.csproj", "{6D474C34-5532-41DA-81E4-13AEA9F811D1}"
EndProject
Project("{FAE04EC0-301F-11D3-BF4B-00C04F79EFBC}") = "ExampleApplication", "src\ExampleApplication\ExampleApplication.csproj", "{44DB5A4B-0C13-41D3-A2D0-17DB463DAEDB}"
EndProject
Project("{2150E333-8FDC-42A3-9474-1A3956D46DE8}") = "Solution Items", "Solution Items", "{C1C3F3C6-687E-4C38-8E3C-3C2238DC6112}"
	ProjectSection(SolutionItems) = preProject
		CssCombiner.build = CssCombiner.build
	EndProjectSection
EndProject
Global
	GlobalSection(SolutionConfigurationPlatforms) = preSolution
		Debug|Any CPU = Debug|Any CPU
		Release|Any CPU = Release|Any CPU
	EndGlobalSection
	GlobalSection(ProjectConfigurationPlatforms) = postSolution
		{6D474C34-5532-41DA-81E4-13AEA9F811D1}.Debug|Any CPU.ActiveCfg = Debug|Any CPU
		{6D474C34-5532-41DA-81E4-13AEA9F811D1}.Debug|Any CPU.Build.0 = Debug|Any CPU
		{6D474C34-5532-41DA-81E4-13AEA9F811D1}.Release|Any CPU.ActiveCfg = Release|Any CPU
		{6D474C34-5532-41DA-81E4-13AEA9F811D1}.Release|Any CPU.Build.0 = Release|Any CPU
		{44DB5A4B-0C13-41D3-A2D0-17DB463DAEDB}.Debug|Any CPU.ActiveCfg = Debug|Any CPU
		{44DB5A4B-0C13-41D3-A2D0-17DB463DAEDB}.Debug|Any CPU.Build.0 = Debug|Any CPU
		{44DB5A4B-0C13-41D3-A2D0-17DB463DAEDB}.Release|Any CPU.ActiveCfg = Release|Any CPU
		{44DB5A4B-0C13-41D3-A2D0-17DB463DAEDB}.Release|Any CPU.Build.0 = Release|Any CPU
	EndGlobalSection
	GlobalSection(SolutionProperties) = preSolution
		HideSolutionNode = FALSE
	EndGlobalSection
EndGlobal
